
Microsoft Visual Studio Solution File, Format Version 12.00
# Visual Studio Version 17
VisualStudioVersion = 17.5.33530.505
MinimumVisualStudioVersion = 10.0.40219.1
Project("{FAE04EC0-301F-11D3-BF4B-00C04F79EFBC}") = "carronamao-api", "carronamao-api\carronamao-api.csproj", "{EA5E21AC-4920-45D9-8A98-A9BA58C7D950}"
EndProject
Global
	GlobalSection(SolutionConfigurationPlatforms) = preSolution
		Debug|Any CPU = Debug|Any CPU
		Release|Any CPU = Release|Any CPU
	EndGlobalSection
	GlobalSection(ProjectConfigurationPlatforms) = postSolution
		{EA5E21AC-4920-45D9-8A98-A9BA58C7D950}.Debug|Any CPU.ActiveCfg = Debug|Any CPU
		{EA5E21AC-4920-45D9-8A98-A9BA58C7D950}.Debug|Any CPU.Build.0 = Debug|Any CPU
		{EA5E21AC-4920-45D9-8A98-A9BA58C7D950}.Release|Any CPU.ActiveCfg = Release|Any CPU
		{EA5E21AC-4920-45D9-8A98-A9BA58C7D950}.Release|Any CPU.Build.0 = Release|Any CPU
	EndGlobalSection
	GlobalSection(SolutionProperties) = preSolution
		HideSolutionNode = FALSE
	EndGlobalSection
	GlobalSection(ExtensibilityGlobals) = postSolution
		SolutionGuid = {C5252DB2-3BAC-401E-848A-8E9DB60596ED}
	EndGlobalSection
EndGlobal
